
Microsoft Visual Studio Solution File, Format Version 12.00
# Visual Studio Version 17
VisualStudioVersion = 17.4.33213.308
MinimumVisualStudioVersion = 10.0.40219.1
Project("{9A19103F-16F7-4668-BE54-9A1E7A4F7556}") = "ST10079389_Kaushil_Dajee_PROG6212_POE", "ST10079389_Kaushil_Dajee_PROG6212_POE.csproj", "{DA9C7285-05A6-4135-80A9-6A7D1C7C6023}"
EndProject
Project("{FAE04EC0-301F-11D3-BF4B-00C04F79EFBC}") = "MidnightPurpleLibrary", "..\MidnightPurpleLibrary\MidnightPurpleLibrary.csproj", "{732E656A-B604-4A3B-A2CF-5F62C1D089CC}"
EndProject
Global
	GlobalSection(SolutionConfigurationPlatforms) = preSolution
		Debug|Any CPU = Debug|Any CPU
		Release|Any CPU = Release|Any CPU
	EndGlobalSection
	GlobalSection(ProjectConfigurationPlatforms) = postSolution
		{DA9C7285-05A6-4135-80A9-6A7D1C7C6023}.Debug|Any CPU.ActiveCfg = Debug|Any CPU
		{DA9C7285-05A6-4135-80A9-6A7D1C7C6023}.Debug|Any CPU.Build.0 = Debug|Any CPU
		{DA9C7285-05A6-4135-80A9-6A7D1C7C6023}.Release|Any CPU.ActiveCfg = Release|Any CPU
		{DA9C7285-05A6-4135-80A9-6A7D1C7C6023}.Release|Any CPU.Build.0 = Release|Any CPU
		{732E656A-B604-4A3B-A2CF-5F62C1D089CC}.Debug|Any CPU.ActiveCfg = Debug|Any CPU
		{732E656A-B604-4A3B-A2CF-5F62C1D089CC}.Debug|Any CPU.Build.0 = Debug|Any CPU
		{732E656A-B604-4A3B-A2CF-5F62C1D089CC}.Release|Any CPU.ActiveCfg = Release|Any CPU
		{732E656A-B604-4A3B-A2CF-5F62C1D089CC}.Release|Any CPU.Build.0 = Release|Any CPU
	EndGlobalSection
	GlobalSection(SolutionProperties) = preSolution
		HideSolutionNode = FALSE
	EndGlobalSection
	GlobalSection(ExtensibilityGlobals) = postSolution
		SolutionGuid = {C66802CF-3C7A-44A9-8506-A67428521D7A}
	EndGlobalSection
EndGlobal
